
Microsoft Visual Studio Solution File, Format Version 12.00
# Visual Studio Version 17
VisualStudioVersion = 17.5.33502.453
MinimumVisualStudioVersion = 10.0.40219.1
Project("{9A19103F-16F7-4668-BE54-9A1E7A4F7556}") = "BlazorServerTest", "BlazorSankeyTest\BlazorServerTest.csproj", "{5BD638AB-E6AD-4671-A547-2FB87D3DB83A}"
EndProject
Project("{9A19103F-16F7-4668-BE54-9A1E7A4F7556}") = "Codeus.BlazorSankey", "BlazorSankey\Codeus.BlazorSankey.csproj", "{3A113931-4765-42B8-818E-F06C1C80D750}"
EndProject
Project("{9A19103F-16F7-4668-BE54-9A1E7A4F7556}") = "UnitTests", "UnitTests\UnitTests.csproj", "{D1E0D4FC-5C85-4349-B94B-EC34E03B6B8B}"
EndProject
Project("{9A19103F-16F7-4668-BE54-9A1E7A4F7556}") = "BlazorWasmTest", "BlazorWasmTest\BlazorWasmTest.csproj", "{6B0069AC-2220-46B9-A7A5-3A58C4294DFE}"
EndProject
Project("{2150E333-8FDC-42A3-9474-1A3956D46DE8}") = "SolutionFiles", "SolutionFiles", "{4B09908D-92BF-430E-B28C-FDE8E77A4347}"
	ProjectSection(SolutionItems) = preProject
		Blazor-Sankey-Diagram.jpg = Blazor-Sankey-Diagram.jpg
		LICENSE.txt = LICENSE.txt
		README.md = README.md
	EndProjectSection
EndProject
Global
	GlobalSection(SolutionConfigurationPlatforms) = preSolution
		Debug|Any CPU = Debug|Any CPU
		Release|Any CPU = Release|Any CPU
	EndGlobalSection
	GlobalSection(ProjectConfigurationPlatforms) = postSolution
		{5BD638AB-E6AD-4671-A547-2FB87D3DB83A}.Debug|Any CPU.ActiveCfg = Debug|Any CPU
		{5BD638AB-E6AD-4671-A547-2FB87D3DB83A}.Debug|Any CPU.Build.0 = Debug|Any CPU
		{5BD638AB-E6AD-4671-A547-2FB87D3DB83A}.Release|Any CPU.ActiveCfg = Release|Any CPU
		{5BD638AB-E6AD-4671-A547-2FB87D3DB83A}.Release|Any CPU.Build.0 = Release|Any CPU
		{3A113931-4765-42B8-818E-F06C1C80D750}.Debug|Any CPU.ActiveCfg = Debug|Any CPU
		{3A113931-4765-42B8-818E-F06C1C80D750}.Debug|Any CPU.Build.0 = Debug|Any CPU
		{3A113931-4765-42B8-818E-F06C1C80D750}.Release|Any CPU.ActiveCfg = Release|Any CPU
		{3A113931-4765-42B8-818E-F06C1C80D750}.Release|Any CPU.Build.0 = Release|Any CPU
		{D1E0D4FC-5C85-4349-B94B-EC34E03B6B8B}.Debug|Any CPU.ActiveCfg = Debug|Any CPU
		{D1E0D4FC-5C85-4349-B94B-EC34E03B6B8B}.Debug|Any CPU.Build.0 = Debug|Any CPU
		{D1E0D4FC-5C85-4349-B94B-EC34E03B6B8B}.Release|Any CPU.ActiveCfg = Release|Any CPU
		{D1E0D4FC-5C85-4349-B94B-EC34E03B6B8B}.Release|Any CPU.Build.0 = Release|Any CPU
		{6B0069AC-2220-46B9-A7A5-3A58C4294DFE}.Debug|Any CPU.ActiveCfg = Debug|Any CPU
		{6B0069AC-2220-46B9-A7A5-3A58C4294DFE}.Debug|Any CPU.Build.0 = Debug|Any CPU
		{6B0069AC-2220-46B9-A7A5-3A58C4294DFE}.Release|Any CPU.ActiveCfg = Release|Any CPU
		{6B0069AC-2220-46B9-A7A5-3A58C4294DFE}.Release|Any CPU.Build.0 = Release|Any CPU
	EndGlobalSection
	GlobalSection(SolutionProperties) = preSolution
		HideSolutionNode = FALSE
	EndGlobalSection
	GlobalSection(ExtensibilityGlobals) = postSolution
		SolutionGuid = {3309378B-727E-4F4F-88D6-DA81CE225349}
	EndGlobalSection
EndGlobal
